
Microsoft Visual Studio Solution File, Format Version 12.00
# Visual Studio Version 16
VisualStudioVersion = 16.0.30711.63
MinimumVisualStudioVersion = 10.0.40219.1
Project("{FAE04EC0-301F-11D3-BF4B-00C04F79EFBC}") = "SPV101_CS486_Team12", "SPV101_CS486_Team12\SPV101_CS486_Team12.csproj", "{064ECBC2-6078-4BCC-8594-6091F3A9DB25}"
EndProject
Global
	GlobalSection(SolutionConfigurationPlatforms) = preSolution
		Debug|Any CPU = Debug|Any CPU
		Release|Any CPU = Release|Any CPU
	EndGlobalSection
	GlobalSection(ProjectConfigurationPlatforms) = postSolution
		{064ECBC2-6078-4BCC-8594-6091F3A9DB25}.Debug|Any CPU.ActiveCfg = Debug|Any CPU
		{064ECBC2-6078-4BCC-8594-6091F3A9DB25}.Debug|Any CPU.Build.0 = Debug|Any CPU
		{064ECBC2-6078-4BCC-8594-6091F3A9DB25}.Release|Any CPU.ActiveCfg = Release|Any CPU
		{064ECBC2-6078-4BCC-8594-6091F3A9DB25}.Release|Any CPU.Build.0 = Release|Any CPU
	EndGlobalSection
	GlobalSection(SolutionProperties) = preSolution
		HideSolutionNode = FALSE
	EndGlobalSection
	GlobalSection(ExtensibilityGlobals) = postSolution
		SolutionGuid = {D6A23D78-3D50-4171-AF6D-564D51F25709}
	EndGlobalSection
EndGlobal
